
Microsoft Visual Studio Solution File, Format Version 12.00
# Visual Studio Version 16
VisualStudioVersion = 16.0.30804.86
MinimumVisualStudioVersion = 10.0.40219.1
Project("{FAE04EC0-301F-11D3-BF4B-00C04F79EFBC}") = "NUnitTestProject1", "NUnitTestProject1\NUnitTestProject1.csproj", "{4A3CC0BD-4306-4FB7-B938-CBB058495ED3}"
EndProject
Project("{FAE04EC0-301F-11D3-BF4B-00C04F79EFBC}") = "WebApplication1WithUT", "WebApplication1WithUT\WebApplication1WithUT.csproj", "{9DED7ECF-9EFD-480B-B403-432437F9EDE9}"
EndProject
Global
	GlobalSection(SolutionConfigurationPlatforms) = preSolution
		Debug|Any CPU = Debug|Any CPU
		Release|Any CPU = Release|Any CPU
	EndGlobalSection
	GlobalSection(ProjectConfigurationPlatforms) = postSolution
		{4A3CC0BD-4306-4FB7-B938-CBB058495ED3}.Debug|Any CPU.ActiveCfg = Debug|Any CPU
		{4A3CC0BD-4306-4FB7-B938-CBB058495ED3}.Debug|Any CPU.Build.0 = Debug|Any CPU
		{4A3CC0BD-4306-4FB7-B938-CBB058495ED3}.Release|Any CPU.ActiveCfg = Release|Any CPU
		{4A3CC0BD-4306-4FB7-B938-CBB058495ED3}.Release|Any CPU.Build.0 = Release|Any CPU
		{9DED7ECF-9EFD-480B-B403-432437F9EDE9}.Debug|Any CPU.ActiveCfg = Debug|Any CPU
		{9DED7ECF-9EFD-480B-B403-432437F9EDE9}.Debug|Any CPU.Build.0 = Debug|Any CPU
		{9DED7ECF-9EFD-480B-B403-432437F9EDE9}.Release|Any CPU.ActiveCfg = Release|Any CPU
		{9DED7ECF-9EFD-480B-B403-432437F9EDE9}.Release|Any CPU.Build.0 = Release|Any CPU
	EndGlobalSection
	GlobalSection(SolutionProperties) = preSolution
		HideSolutionNode = FALSE
	EndGlobalSection
	GlobalSection(ExtensibilityGlobals) = postSolution
		SolutionGuid = {2280FC9A-14D7-464B-8B5F-425892C5EA65}
	EndGlobalSection
EndGlobal
